
Microsoft Visual Studio Solution File, Format Version 12.00
# Visual Studio Version 17
VisualStudioVersion = 17.8.34525.116
MinimumVisualStudioVersion = 10.0.40219.1
Project("{9A19103F-16F7-4668-BE54-9A1E7A4F7556}") = "InternetBankingApp", "InternetBankingApp\InternetBankingApp.csproj", "{C99D998D-3460-4E52-9217-9463A1ACAB19}"
Global
	GlobalSection(SolutionConfigurationPlatforms) = preSolution
		Debug|Any CPU = Debug|Any CPU
		Release|Any CPU = Release|Any CPU
	EndGlobalSection
	GlobalSection(ProjectConfigurationPlatforms) = postSolution
		{C99D998D-3460-4E52-9217-9463A1ACAB19}.Debug|Any CPU.ActiveCfg = Debug|Any CPU
		{C99D998D-3460-4E52-9217-9463A1ACAB19}.Debug|Any CPU.Build.0 = Debug|Any CPU
		{C99D998D-3460-4E52-9217-9463A1ACAB19}.Release|Any CPU.ActiveCfg = Release|Any CPU
		{C99D998D-3460-4E52-9217-9463A1ACAB19}.Release|Any CPU.Build.0 = Release|Any CPU
	EndGlobalSection
	GlobalSection(SolutionProperties) = preSolution
		HideSolutionNode = FALSE
	EndGlobalSection
	GlobalSection(ExtensibilityGlobals) = postSolution
		SolutionGuid = {FD77D8CB-E132-4046-9943-2AFCFFB86E9F}
	EndGlobalSection
EndGlobal
